
Microsoft Visual Studio Solution File, Format Version 12.00
# Visual Studio Version 17
VisualStudioVersion = 17.0.31903.59
MinimumVisualStudioVersion = 10.0.40219.1
Project("{FAE04EC0-301F-11D3-BF4B-00C04F79EFBC}") = "frontend", "frontend\frontend.csproj", "{19387225-6FDB-4572-927A-69E7F997B7B0}"
EndProject
Project("{FAE04EC0-301F-11D3-BF4B-00C04F79EFBC}") = "domain", "domain\domain.csproj", "{C5C6C012-06D7-4900-A117-A0856DD1CE00}"
EndProject
Project("{FAE04EC0-301F-11D3-BF4B-00C04F79EFBC}") = "api", "api\api.csproj", "{B0F5FF0D-3DD6-45E9-8C42-F829C65C41B8}"
EndProject
Global
	GlobalSection(SolutionConfigurationPlatforms) = preSolution
		Debug|Any CPU = Debug|Any CPU
		Release|Any CPU = Release|Any CPU
	EndGlobalSection
	GlobalSection(SolutionProperties) = preSolution
		HideSolutionNode = FALSE
	EndGlobalSection
	GlobalSection(ProjectConfigurationPlatforms) = postSolution
		{19387225-6FDB-4572-927A-69E7F997B7B0}.Debug|Any CPU.ActiveCfg = Debug|Any CPU
		{19387225-6FDB-4572-927A-69E7F997B7B0}.Debug|Any CPU.Build.0 = Debug|Any CPU
		{19387225-6FDB-4572-927A-69E7F997B7B0}.Release|Any CPU.ActiveCfg = Release|Any CPU
		{19387225-6FDB-4572-927A-69E7F997B7B0}.Release|Any CPU.Build.0 = Release|Any CPU
		{C5C6C012-06D7-4900-A117-A0856DD1CE00}.Debug|Any CPU.ActiveCfg = Debug|Any CPU
		{C5C6C012-06D7-4900-A117-A0856DD1CE00}.Debug|Any CPU.Build.0 = Debug|Any CPU
		{C5C6C012-06D7-4900-A117-A0856DD1CE00}.Release|Any CPU.ActiveCfg = Release|Any CPU
		{C5C6C012-06D7-4900-A117-A0856DD1CE00}.Release|Any CPU.Build.0 = Release|Any CPU
		{B0F5FF0D-3DD6-45E9-8C42-F829C65C41B8}.Debug|Any CPU.ActiveCfg = Debug|Any CPU
		{B0F5FF0D-3DD6-45E9-8C42-F829C65C41B8}.Debug|Any CPU.Build.0 = Debug|Any CPU
		{B0F5FF0D-3DD6-45E9-8C42-F829C65C41B8}.Release|Any CPU.ActiveCfg = Release|Any CPU
		{B0F5FF0D-3DD6-45E9-8C42-F829C65C41B8}.Release|Any CPU.Build.0 = Release|Any CPU
	EndGlobalSection
EndGlobal
